{
  "version": 4,
  "terraform_version": "0.15.3",
  "serial": 93,
  "lineage": "cd04d388-a8d9-94d9-a55d-29131fd4d5c3",
  "outputs": {
    "os_sku": {
      "value": "16.04-LTS",
      "type": "string"
    },
    "public_ip_address": {
      "value": "137.116.235.159",
      "type": "string"
    },
    "tls_private_key": {
      "value": "-----BEGIN RSA PRIVATE KEY-----\nMIIJKAIBAAKCAgEAudbcySdnZydpIXbmCZYAWoPdNdtYmTjcYPtMyfEKJiuA2/ZG\nDLXxAEmUM3oap7Q3DalGWH3L2U9iPH/l6b4gom+Nv2SeIYwFstS9dVbWyLqUD2Rx\nB6YlpJGdalGXDLa3XK4hBz5CIsLtuDgYpAFVbd56mARpJiQCOcgF1jUdE7rk6WGD\nQMjj8dmdpbzmsrkDwD5P8fLae837nNtG/U6tWTJkjOPo9jiGVr3zFIPIe1SdCdOM\nuPjkQhQ7akLVpnu5m1dyPtTtISE6wOWIxnQUflNPgS9eWVZESDBpjXS4HBM55TqM\nV5484054h+rPaL6Ql9xfmCKsWx5sn1tSyP8RZhdaEG8XDqBPLavIKiMlaE2eoeg9\nS6wiixgCJbiFvtuH2/bCdPPexWXpYwj49PthIZel399Z1lcsjB9bexEdQ93+k2hd\niNSu6hL6RbMHis8oCm4U6b7GjVos7cvwbBHSul2hRcLpZ89OmaRkf+p5ynlgvLaC\n9zaiu2cKIMpyD/4/9pfLJLMQid+OITCsvQNsUHpGbqR3faW7spZYhPGaaF/kTPVq\nwdcPqUnhRf1LWW0vGpt4GfIw7Wuu701bcZxPbOsTuDQ9tSnp8Iy+hS/ubscwJBA0\nJlnfWB4GpAEkn/YhbWDtYj7Ou2A49Q5xWbUM8skpVviRCUanAb3LSoLZrGMCAwEA\nAQKCAgA9zju3mqdFI1JPkt+GqKCNefWEB+M7cjG4/1rWfpfFggplHU7Gw2vXkKD9\nTcq3o7P7kySWIaA+MayWOmMYjecEnt0hnjEJLyxmAWLRN4RPVd4QEHOW+6bhSJx1\n05TM4aex5yeM5SPRs8qjzeREBz2GQMu86xqdWLR0yxVF3HxDJ5EiHRAt56IHuTw4\n9s4y+l1I/nBQI1iOfD8GN9cwP45fb+cJBHNiEAJ9rsa9N+bhPY7MydKvYfdoEpqA\nCKJNsDBWfYq9YstKjWag6LXIaqq2KLb0W/Cg/ZPP/mncZcklbS+AESzDpxjQ8DQd\n3/YC+/3Sw7P3QPDZjRDLHvA1cL80B1ik2uTZ+PY9sQMoOWrTw1p2Dc7hgMxr9GgG\nkaHKB+XuCxMKiQnPcjd3CjU62ZrSLz7TdV3vcjTimIxXE2SUudxb8+2djWetbqL6\nx76955uxsvfjdPosMyTf5S2BZvdl829tmEJjrvaNnM8sj6jn05qlXX26eIuW8FRB\nokZFF2KV2gjmIjgJmGGCkIo0zd7RiOIb9XQ0rMLhBfiVkw1JjitMOjQwscSwks/T\n0a3QeYKslmgKWshi5xW5TPTT1hBN4SFOWOEcd42DgdKhzzwv+L+tkVfg4VX8QD+4\nctyYhFI/+yxmNVfASJn1pNkhBY+yoboQgFlGpmGUX2HAlVzVYQKCAQEAyR3hwpHW\ne0FDnF+tIMXMojTIP2UHtzYX66mJ50/Uw1K3yb1tLUMMjqaKc0jgChmcpTQnM26G\n06Qf/lu+gRrFqQOCTNKysFkzUoekUxCro5jdXQF0ddEaoO75C1qpfXJbaiCajS3f\ndJHTl9TTKbmj0jCTdcBzgxTgZEJzX1z5E2nfgrSGv6hNGOHjqFUtCcEid8uaeRZg\nNHFjCHBUtoJfzUXdr7EpumL+L93n2HDa3Du+STk/7yctPVep7fCmeBFaQd5dSOxI\nFvi3St77olzM6avMR4wKsyHQRG64EALULNEURmZ9GkxiLus/r8FhgagErKZtzxqu\nI11Ni9VOCWPNxQKCAQEA7I2xMVzmPEKwnG95Voca9naQyeiTc9gNHtzfW0ip8g80\na2XW6h83aFn+MmnhLtoaUppIAjUDr0S2k71DQq7RecuYOMsK0bpEX2FHF5h3pKhj\nuK+YRpcwsx8x2cAbUkO/puhAALDqY1sL0s/tydkCkMvMUp+Pm53VzAJtfoifnOYA\nkjaz/sxPMA/aSNCF35k9bEkQ38jrEUQioWKgYQVf9sXG09aAIO76aVwJg2hCD/9c\n92BvJMkJtnASjf9WpDejHGpnJ9YJs4Aari+9BbkbEMcHYx0QmLTSDcou6Blw0fkN\nuq5XzZI1e5nus2ihWRyTs/hiZE8LajoG3t+Tn3+cBwKCAQBIGORD4hAno1/fgRUJ\neJ9BTvaycz9u2H9+xgpf1+iIFPE56yRmY3Du+pkLdwaJ2GClgKrE70x6No4Zmz4R\n/kz5p/5gF/Bi87dIUMQB2yoMvdItc0YSrmGDa+fvwBKenA5VX1bIYbeHjHd0KKGC\nhcBKq4tRXSqLxUIj7wZ5G1VXNk8gBiOANY9d6iy4vcAljQ0UMPMxkWnvou5DqjFU\nNCyv4+ny/+nbnX1OH5jrqJls9iXjDhjzXPIE2ZZbbDfhNydKEbMTX1EAmyzqNEG1\nFNuIsUPMKlHzoZ2NyrtFUh5J6rIAAuG6OcPA2ii8kvCnkFoMoqUe54uhteMEy/Tr\nvNGZAoIBABJSVysPmvWH5M35BFjjVf9I56X70Y/jaAC/8rzLP/5zlwfKd37itBPt\nBHc7JCnQ0sEbGgCxwntMwydmPVNo3uikEEI117yuxKTuj+cP9BRYxoCDeTPeefMl\ns2K+Ml+Ix8tRqcNj8IOJhbzqReygVkaIwmaT3TecXfbTKU/nnRU1601n10Eg6fE7\nCRkirXvIDq3YauoqUaqgsF33mZxqIiim4ON/daUXXWXTrxjydktu5/BxE6qxt4Ld\n41IEON23QXbt9tdrCI1Smr5rDCTpVWNTRwsyMRrixnIy+rcXYVmiBKI05rARZvsP\nzSEwNW8Fe5sw3c4PIT81B1szzedIpvkCggEBAL86xYwV14+4fKkGyLw3dPYRXgEf\nyT+AsW2xEsRqs8ZNBKd4di6hKP1LgUDbfXqAK3XTn4+R0i8WQxiRj8wAf/IWiNgm\nUbhAJQIj4+nuEma/LK3mYk3/Jte0hbe5gZVwq1R70rbMUY7rgTwge+1HGuZj2D2r\nOdEhvg2cUmgzR4cR53N++CtSQJ/k3FEqdrrDiVQOz3laDqF2mh73L+owEBZHkpKt\n3GEU92T5HK2hYtuwxzQEQmodwlj7nt7IAm/2CqgxJ1I+Qy1ZsP6/zQDLeWcvBjEq\nGUZG/uPorATIDqUyOrXPJh+zmbgn7sMoV6E2UdmEUo/aAB4ewACjO6j+g3E=\n-----END RSA PRIVATE KEY-----\n",
      "type": "string",
      "sensitive": true
    }
  },
  "resources": [
    {
      "mode": "data",
      "type": "azurerm_public_ip",
      "name": "main",
      "provider": "provider[\"registry.terraform.io/hashicorp/azurerm\"]",
      "instances": [
        {
          "schema_version": 0,
          "attributes": {
            "allocation_method": "Static",
            "domain_name_label": "",
            "fqdn": "",
            "id": "/subscriptions/71feb1e7-2bdf-4381-9419-cb655a4707f1/resourceGroups/vm-TM4/providers/Microsoft.Network/publicIPAddresses/vmTFPublicIP",
            "idle_timeout_in_minutes": 4,
            "ip_address": "137.116.235.159",
            "ip_tags": {},
            "ip_version": "IPv4",
            "location": "northeurope",
            "name": "vmTFPublicIP",
            "resource_group_name": "vm-TM4",
            "reverse_fqdn": "",
            "sku": "Basic",
            "tags": {
              "Dept": "DevOps",
              "Environment": "Terraform"
            },
            "timeouts": null,
            "zones": []
          },
          "sensitive_attributes": []
        }
      ]
    },
    {
      "mode": "managed",
      "type": "azurerm_linux_virtual_machine",
      "name": "main",
      "provider": "provider[\"registry.terraform.io/hashicorp/azurerm\"]",
      "instances": [
        {
          "schema_version": 0,
          "attributes": {
            "additional_capabilities": [],
            "admin_password": null,
            "admin_ssh_key": [
              {
                "public_key": "ssh-rsa AAAAB3NzaC1yc2EAAAADAQABAAABAQDrVEqGBec0Z4tJX85k3hfx69Ehw9syArZ2fc92+PrDtF02OOa894l20+pJwPLK4XUJEf5hObvumAkuRbCBOj2yHQyt+yUXZ1bsAj6DtFoQA3Z3XxGQMBNme9ETRBqW/2SElkDst1KS6HHM/tiQkn1SOl2uIf6DBKy+Nt3ZwuPQBYeex/EVtasmJPjJR1DcLBIHv/v52wEe0MgFPeIQVZFB9Q1OZJ6asC3P/wKb6DbIgbzFXBpAznQGG0nsNQYUEu9/+Z5Aotmia31nShU0eFaigdJjlvQS9s/0ypOzWs/uewNxRKoXF8rfmYgg4rdpvgbyYgUYwylt7lQzkHxv9UzL ip@ip-d10m\n",
                "username": "team4"
              }
            ],
            "admin_username": "team4",
            "allow_extension_operations": true,
            "availability_set_id": "",
            "boot_diagnostics": [],
            "computer_name": "vmTFVM",
            "custom_data": null,
            "dedicated_host_id": "",
            "disable_password_authentication": true,
            "encryption_at_host_enabled": false,
            "eviction_policy": "",
            "extensions_time_budget": "PT1H30M",
            "id": "/subscriptions/71feb1e7-2bdf-4381-9419-cb655a4707f1/resourceGroups/vm-TM4/providers/Microsoft.Compute/virtualMachines/vmTFVM",
            "identity": [],
            "license_type": "",
            "location": "northeurope",
            "max_bid_price": -1,
            "name": "vmTFVM",
            "network_interface_ids": [
              "/subscriptions/71feb1e7-2bdf-4381-9419-cb655a4707f1/resourceGroups/vm-TM4/providers/Microsoft.Network/networkInterfaces/vmNIC"
            ],
            "os_disk": [
              {
                "caching": "ReadWrite",
                "diff_disk_settings": [],
                "disk_encryption_set_id": "",
                "disk_size_gb": 30,
                "name": "vmOsDisk",
                "storage_account_type": "Premium_LRS",
                "write_accelerator_enabled": false
              }
            ],
            "plan": [],
            "platform_fault_domain": -1,
            "priority": "Regular",
            "private_ip_address": "10.0.1.4",
            "private_ip_addresses": [
              "10.0.1.4"
            ],
            "provision_vm_agent": true,
            "proximity_placement_group_id": "",
            "public_ip_address": "137.116.235.159",
            "public_ip_addresses": [
              "137.116.235.159"
            ],
            "resource_group_name": "vm-TM4",
            "secret": [],
            "size": "Standard_DS1_v2",
            "source_image_id": "",
            "source_image_reference": [
              {
                "offer": "UbuntuServer",
                "publisher": "Canonical",
                "sku": "16.04-LTS",
                "version": "latest"
              }
            ],
            "tags": {
              "Dept": "DevOps",
              "Environment": "Terraform"
            },
            "timeouts": null,
            "virtual_machine_id": "6349d0c4-6c1a-41d6-a849-817517fdd370",
            "virtual_machine_scale_set_id": "",
            "zone": ""
          },
          "sensitive_attributes": [],
          "private": "eyJlMmJmYjczMC1lY2FhLTExZTYtOGY4OC0zNDM2M2JjN2M0YzAiOnsiY3JlYXRlIjoyNzAwMDAwMDAwMDAwLCJkZWxldGUiOjI3MDAwMDAwMDAwMDAsInJlYWQiOjMwMDAwMDAwMDAwMCwidXBkYXRlIjoyNzAwMDAwMDAwMDAwfX0=",
          "dependencies": [
            "azurerm_network_interface.main",
            "azurerm_public_ip.main",
            "azurerm_resource_group.main",
            "azurerm_subnet.main",
            "azurerm_virtual_network.main"
          ]
        }
      ]
    },
    {
      "mode": "managed",
      "type": "azurerm_network_interface",
      "name": "main",
      "provider": "provider[\"registry.terraform.io/hashicorp/azurerm\"]",
      "instances": [
        {
          "schema_version": 0,
          "attributes": {
            "applied_dns_servers": [],
            "dns_servers": [],
            "enable_accelerated_networking": false,
            "enable_ip_forwarding": false,
            "id": "/subscriptions/71feb1e7-2bdf-4381-9419-cb655a4707f1/resourceGroups/vm-TM4/providers/Microsoft.Network/networkInterfaces/vmNIC",
            "internal_dns_name_label": "",
            "internal_domain_name_suffix": "bklwew4sicpe5jjthayzekhlah.fx.internal.cloudapp.net",
            "ip_configuration": [
              {
                "name": "vmNICConfg",
                "primary": true,
                "private_ip_address": "10.0.1.4",
                "private_ip_address_allocation": "Dynamic",
                "private_ip_address_version": "IPv4",
                "public_ip_address_id": "/subscriptions/71feb1e7-2bdf-4381-9419-cb655a4707f1/resourceGroups/vm-TM4/providers/Microsoft.Network/publicIPAddresses/vmTFPublicIP",
                "subnet_id": "/subscriptions/71feb1e7-2bdf-4381-9419-cb655a4707f1/resourceGroups/vm-TM4/providers/Microsoft.Network/virtualNetworks/vmTFVnet/subnets/vmTFSubnet"
              }
            ],
            "location": "northeurope",
            "mac_address": "",
            "name": "vmNIC",
            "private_ip_address": "10.0.1.4",
            "private_ip_addresses": [
              "10.0.1.4"
            ],
            "resource_group_name": "vm-TM4",
            "tags": {
              "Dept": "DevOps",
              "Environment": "Terraform"
            },
            "timeouts": null,
            "virtual_machine_id": ""
          },
          "sensitive_attributes": [],
          "private": "eyJlMmJmYjczMC1lY2FhLTExZTYtOGY4OC0zNDM2M2JjN2M0YzAiOnsiY3JlYXRlIjoxODAwMDAwMDAwMDAwLCJkZWxldGUiOjE4MDAwMDAwMDAwMDAsInJlYWQiOjMwMDAwMDAwMDAwMCwidXBkYXRlIjoxODAwMDAwMDAwMDAwfX0=",
          "dependencies": [
            "azurerm_public_ip.main",
            "azurerm_resource_group.main",
            "azurerm_subnet.main",
            "azurerm_virtual_network.main"
          ]
        }
      ]
    },
    {
      "mode": "managed",
      "type": "azurerm_network_interface_security_group_association",
      "name": "main",
      "provider": "provider[\"registry.terraform.io/hashicorp/azurerm\"]",
      "instances": [
        {
          "schema_version": 0,
          "attributes": {
            "id": "/subscriptions/71feb1e7-2bdf-4381-9419-cb655a4707f1/resourceGroups/vm-TM4/providers/Microsoft.Network/networkInterfaces/vmNIC|/subscriptions/71feb1e7-2bdf-4381-9419-cb655a4707f1/resourceGroups/vm-TM4/providers/Microsoft.Network/networkSecurityGroups/vmTFNSG",
            "network_interface_id": "/subscriptions/71feb1e7-2bdf-4381-9419-cb655a4707f1/resourceGroups/vm-TM4/providers/Microsoft.Network/networkInterfaces/vmNIC",
            "network_security_group_id": "/subscriptions/71feb1e7-2bdf-4381-9419-cb655a4707f1/resourceGroups/vm-TM4/providers/Microsoft.Network/networkSecurityGroups/vmTFNSG",
            "timeouts": null
          },
          "sensitive_attributes": [],
          "private": "eyJlMmJmYjczMC1lY2FhLTExZTYtOGY4OC0zNDM2M2JjN2M0YzAiOnsiY3JlYXRlIjoxODAwMDAwMDAwMDAwLCJkZWxldGUiOjE4MDAwMDAwMDAwMDAsInJlYWQiOjMwMDAwMDAwMDAwMCwidXBkYXRlIjoxODAwMDAwMDAwMDAwfX0=",
          "dependencies": [
            "azurerm_network_interface.main",
            "azurerm_network_security_group.main",
            "azurerm_public_ip.main",
            "azurerm_resource_group.main",
            "azurerm_subnet.main",
            "azurerm_virtual_network.main"
          ]
        }
      ]
    },
    {
      "mode": "managed",
      "type": "azurerm_network_security_group",
      "name": "main",
      "provider": "provider[\"registry.terraform.io/hashicorp/azurerm\"]",
      "instances": [
        {
          "schema_version": 0,
          "attributes": {
            "id": "/subscriptions/71feb1e7-2bdf-4381-9419-cb655a4707f1/resourceGroups/vm-TM4/providers/Microsoft.Network/networkSecurityGroups/vmTFNSG",
            "location": "northeurope",
            "name": "vmTFNSG",
            "resource_group_name": "vm-TM4",
            "security_rule": [
              {
                "access": "Allow",
                "description": "",
                "destination_address_prefix": "*",
                "destination_address_prefixes": [],
                "destination_application_security_group_ids": [],
                "destination_port_range": "22",
                "destination_port_ranges": [],
                "direction": "Inbound",
                "name": "SSH",
                "priority": 1001,
                "protocol": "Tcp",
                "source_address_prefix": "*",
                "source_address_prefixes": [],
                "source_application_security_group_ids": [],
                "source_port_range": "*",
                "source_port_ranges": []
              },
              {
                "access": "Allow",
                "description": "",
                "destination_address_prefix": "*",
                "destination_address_prefixes": [],
                "destination_application_security_group_ids": [],
                "destination_port_range": "8080",
                "destination_port_ranges": [],
                "direction": "Inbound",
                "name": "HTTP",
                "priority": 1000,
                "protocol": "Tcp",
                "source_address_prefix": "*",
                "source_address_prefixes": [],
                "source_application_security_group_ids": [],
                "source_port_range": "*",
                "source_port_ranges": []
              }
            ],
            "tags": {
              "Dept": "DevOps",
              "Environment": "Terraform"
            },
            "timeouts": null
          },
          "sensitive_attributes": [],
          "private": "eyJlMmJmYjczMC1lY2FhLTExZTYtOGY4OC0zNDM2M2JjN2M0YzAiOnsiY3JlYXRlIjoxODAwMDAwMDAwMDAwLCJkZWxldGUiOjE4MDAwMDAwMDAwMDAsInJlYWQiOjMwMDAwMDAwMDAwMCwidXBkYXRlIjoxODAwMDAwMDAwMDAwfX0=",
          "dependencies": [
            "azurerm_resource_group.main"
          ]
        }
      ]
    },
    {
      "mode": "managed",
      "type": "azurerm_public_ip",
      "name": "main",
      "provider": "provider[\"registry.terraform.io/hashicorp/azurerm\"]",
      "instances": [
        {
          "schema_version": 0,
          "attributes": {
            "allocation_method": "Static",
            "domain_name_label": null,
            "fqdn": null,
            "id": "/subscriptions/71feb1e7-2bdf-4381-9419-cb655a4707f1/resourceGroups/vm-TM4/providers/Microsoft.Network/publicIPAddresses/vmTFPublicIP",
            "idle_timeout_in_minutes": 4,
            "ip_address": "137.116.235.159",
            "ip_tags": null,
            "ip_version": "IPv4",
            "location": "northeurope",
            "name": "vmTFPublicIP",
            "public_ip_prefix_id": null,
            "resource_group_name": "vm-TM4",
            "reverse_fqdn": null,
            "sku": "Basic",
            "tags": {
              "Dept": "DevOps",
              "Environment": "Terraform"
            },
            "timeouts": null,
            "zones": null
          },
          "sensitive_attributes": [],
          "private": "eyJlMmJmYjczMC1lY2FhLTExZTYtOGY4OC0zNDM2M2JjN2M0YzAiOnsiY3JlYXRlIjoxODAwMDAwMDAwMDAwLCJkZWxldGUiOjE4MDAwMDAwMDAwMDAsInJlYWQiOjMwMDAwMDAwMDAwMCwidXBkYXRlIjoxODAwMDAwMDAwMDAwfX0=",
          "dependencies": [
            "azurerm_resource_group.main"
          ]
        }
      ]
    },
    {
      "mode": "managed",
      "type": "azurerm_resource_group",
      "name": "main",
      "provider": "provider[\"registry.terraform.io/hashicorp/azurerm\"]",
      "instances": [
        {
          "schema_version": 0,
          "attributes": {
            "id": "/subscriptions/71feb1e7-2bdf-4381-9419-cb655a4707f1/resourceGroups/vm-TM4",
            "location": "northeurope",
            "name": "vm-TM4",
            "tags": {
              "Dept": "DevOps",
              "Environment": "Terraform"
            },
            "timeouts": null
          },
          "sensitive_attributes": [],
          "private": "eyJlMmJmYjczMC1lY2FhLTExZTYtOGY4OC0zNDM2M2JjN2M0YzAiOnsiY3JlYXRlIjo1NDAwMDAwMDAwMDAwLCJkZWxldGUiOjU0MDAwMDAwMDAwMDAsInJlYWQiOjMwMDAwMDAwMDAwMCwidXBkYXRlIjo1NDAwMDAwMDAwMDAwfX0="
        }
      ]
    },
    {
      "mode": "managed",
      "type": "azurerm_storage_account",
      "name": "main",
      "provider": "provider[\"registry.terraform.io/hashicorp/azurerm\"]",
      "instances": [
        {
          "schema_version": 2,
          "attributes": {
            "access_tier": "Hot",
            "account_kind": "StorageV2",
            "account_replication_type": "LRS",
            "account_tier": "Standard",
            "allow_blob_public_access": false,
            "azure_files_authentication": [],
            "blob_properties": [
              {
                "change_feed_enabled": false,
                "container_delete_retention_policy": [],
                "cors_rule": [],
                "default_service_version": "",
                "delete_retention_policy": [],
                "last_access_time_enabled": false,
                "versioning_enabled": false
              }
            ],
            "custom_domain": [],
            "enable_https_traffic_only": true,
            "id": "/subscriptions/71feb1e7-2bdf-4381-9419-cb655a4707f1/resourceGroups/vm-TM4/providers/Microsoft.Storage/storageAccounts/vmsabd",
            "identity": [],
            "is_hns_enabled": false,
            "large_file_share_enabled": null,
            "location": "northeurope",
            "min_tls_version": "TLS1_0",
            "name": "vmsabd",
            "network_rules": [
              {
                "bypass": [
                  "AzureServices"
                ],
                "default_action": "Allow",
                "ip_rules": [],
                "private_link_access": [],
                "virtual_network_subnet_ids": []
              }
            ],
            "nfsv3_enabled": false,
            "primary_access_key": "6bfHYlIs7CNTdnAiwmRLdkyZ+6LeHYzcS7UgKhAnGeaPh5l+aXrPlq83/z+gqIKdMMJ5jf6hEdk22uE2ZgwutQ==",
            "primary_blob_connection_string": "DefaultEndpointsProtocol=https;BlobEndpoint=https://vmsabd.blob.core.windows.net/;AccountName=vmsabd;AccountKey=6bfHYlIs7CNTdnAiwmRLdkyZ+6LeHYzcS7UgKhAnGeaPh5l+aXrPlq83/z+gqIKdMMJ5jf6hEdk22uE2ZgwutQ==",
            "primary_blob_endpoint": "https://vmsabd.blob.core.windows.net/",
            "primary_blob_host": "vmsabd.blob.core.windows.net",
            "primary_connection_string": "DefaultEndpointsProtocol=https;AccountName=vmsabd;AccountKey=6bfHYlIs7CNTdnAiwmRLdkyZ+6LeHYzcS7UgKhAnGeaPh5l+aXrPlq83/z+gqIKdMMJ5jf6hEdk22uE2ZgwutQ==;EndpointSuffix=core.windows.net",
            "primary_dfs_endpoint": "https://vmsabd.dfs.core.windows.net/",
            "primary_dfs_host": "vmsabd.dfs.core.windows.net",
            "primary_file_endpoint": "https://vmsabd.file.core.windows.net/",
            "primary_file_host": "vmsabd.file.core.windows.net",
            "primary_location": "northeurope",
            "primary_queue_endpoint": "https://vmsabd.queue.core.windows.net/",
            "primary_queue_host": "vmsabd.queue.core.windows.net",
            "primary_table_endpoint": "https://vmsabd.table.core.windows.net/",
            "primary_table_host": "vmsabd.table.core.windows.net",
            "primary_web_endpoint": "https://vmsabd.z16.web.core.windows.net/",
            "primary_web_host": "vmsabd.z16.web.core.windows.net",
            "queue_properties": [
              {
                "cors_rule": [],
                "hour_metrics": [
                  {
                    "enabled": true,
                    "include_apis": true,
                    "retention_policy_days": 7,
                    "version": "1.0"
                  }
                ],
                "logging": [
                  {
                    "delete": false,
                    "read": false,
                    "retention_policy_days": 0,
                    "version": "1.0",
                    "write": false
                  }
                ],
                "minute_metrics": [
                  {
                    "enabled": false,
                    "include_apis": false,
                    "retention_policy_days": 0,
                    "version": "1.0"
                  }
                ]
              }
            ],
            "resource_group_name": "vm-TM4",
            "routing": [],
            "secondary_access_key": "GmkX/h0hzBdTzMgknLjYN2na0uFWKUVN5Oz/iJNjCifXuPONaagJQJq7OfJaLHRzKXw4WiSbGeYUFoLu9G492w==",
            "secondary_blob_connection_string": "",
            "secondary_blob_endpoint": null,
            "secondary_blob_host": null,
            "secondary_connection_string": "DefaultEndpointsProtocol=https;AccountName=vmsabd;AccountKey=GmkX/h0hzBdTzMgknLjYN2na0uFWKUVN5Oz/iJNjCifXuPONaagJQJq7OfJaLHRzKXw4WiSbGeYUFoLu9G492w==;EndpointSuffix=core.windows.net",
            "secondary_dfs_endpoint": null,
            "secondary_dfs_host": null,
            "secondary_file_endpoint": null,
            "secondary_file_host": null,
            "secondary_location": "",
            "secondary_queue_endpoint": null,
            "secondary_queue_host": null,
            "secondary_table_endpoint": null,
            "secondary_table_host": null,
            "secondary_web_endpoint": null,
            "secondary_web_host": null,
            "static_website": [],
            "tags": null,
            "timeouts": null
          },
          "sensitive_attributes": [],
          "private": "eyJlMmJmYjczMC1lY2FhLTExZTYtOGY4OC0zNDM2M2JjN2M0YzAiOnsiY3JlYXRlIjozNjAwMDAwMDAwMDAwLCJkZWxldGUiOjM2MDAwMDAwMDAwMDAsInJlYWQiOjMwMDAwMDAwMDAwMCwidXBkYXRlIjozNjAwMDAwMDAwMDAwfSwic2NoZW1hX3ZlcnNpb24iOiIyIn0=",
          "dependencies": [
            "azurerm_resource_group.main"
          ]
        }
      ]
    },
    {
      "mode": "managed",
      "type": "azurerm_subnet",
      "name": "main",
      "provider": "provider[\"registry.terraform.io/hashicorp/azurerm\"]",
      "instances": [
        {
          "schema_version": 0,
          "attributes": {
            "address_prefix": "10.0.1.0/24",
            "address_prefixes": [
              "10.0.1.0/24"
            ],
            "delegation": [],
            "enforce_private_link_endpoint_network_policies": false,
            "enforce_private_link_service_network_policies": false,
            "id": "/subscriptions/71feb1e7-2bdf-4381-9419-cb655a4707f1/resourceGroups/vm-TM4/providers/Microsoft.Network/virtualNetworks/vmTFVnet/subnets/vmTFSubnet",
            "name": "vmTFSubnet",
            "resource_group_name": "vm-TM4",
            "service_endpoint_policy_ids": null,
            "service_endpoints": null,
            "timeouts": null,
            "virtual_network_name": "vmTFVnet"
          },
          "sensitive_attributes": [],
          "private": "eyJlMmJmYjczMC1lY2FhLTExZTYtOGY4OC0zNDM2M2JjN2M0YzAiOnsiY3JlYXRlIjoxODAwMDAwMDAwMDAwLCJkZWxldGUiOjE4MDAwMDAwMDAwMDAsInJlYWQiOjMwMDAwMDAwMDAwMCwidXBkYXRlIjoxODAwMDAwMDAwMDAwfX0=",
          "dependencies": [
            "azurerm_resource_group.main",
            "azurerm_virtual_network.main"
          ]
        }
      ]
    },
    {
      "mode": "managed",
      "type": "azurerm_virtual_network",
      "name": "main",
      "provider": "provider[\"registry.terraform.io/hashicorp/azurerm\"]",
      "instances": [
        {
          "schema_version": 0,
          "attributes": {
            "address_space": [
              "10.0.0.0/16"
            ],
            "bgp_community": "",
            "ddos_protection_plan": [],
            "dns_servers": null,
            "guid": "5b62970a-40d2-4f9e-a533-38319228eb07",
            "id": "/subscriptions/71feb1e7-2bdf-4381-9419-cb655a4707f1/resourceGroups/vm-TM4/providers/Microsoft.Network/virtualNetworks/vmTFVnet",
            "location": "northeurope",
            "name": "vmTFVnet",
            "resource_group_name": "vm-TM4",
            "subnet": [],
            "tags": {
              "Dept": "DevOps",
              "Environment": "Terraform"
            },
            "timeouts": null,
            "vm_protection_enabled": false
          },
          "sensitive_attributes": [],
          "private": "eyJlMmJmYjczMC1lY2FhLTExZTYtOGY4OC0zNDM2M2JjN2M0YzAiOnsiY3JlYXRlIjoxODAwMDAwMDAwMDAwLCJkZWxldGUiOjE4MDAwMDAwMDAwMDAsInJlYWQiOjMwMDAwMDAwMDAwMCwidXBkYXRlIjoxODAwMDAwMDAwMDAwfX0=",
          "dependencies": [
            "azurerm_resource_group.main"
          ]
        }
      ]
    },
    {
      "mode": "managed",
      "type": "tls_private_key",
      "name": "main_ssh",
      "provider": "provider[\"registry.terraform.io/hashicorp/tls\"]",
      "instances": [
        {
          "schema_version": 0,
          "attributes": {
            "algorithm": "RSA",
            "ecdsa_curve": "P224",
            "id": "fa76c1a1ac24ccaf14eee0c15f11f4ea0ff0dc66",
            "private_key_pem": "-----BEGIN RSA PRIVATE KEY-----\nMIIJKAIBAAKCAgEAudbcySdnZydpIXbmCZYAWoPdNdtYmTjcYPtMyfEKJiuA2/ZG\nDLXxAEmUM3oap7Q3DalGWH3L2U9iPH/l6b4gom+Nv2SeIYwFstS9dVbWyLqUD2Rx\nB6YlpJGdalGXDLa3XK4hBz5CIsLtuDgYpAFVbd56mARpJiQCOcgF1jUdE7rk6WGD\nQMjj8dmdpbzmsrkDwD5P8fLae837nNtG/U6tWTJkjOPo9jiGVr3zFIPIe1SdCdOM\nuPjkQhQ7akLVpnu5m1dyPtTtISE6wOWIxnQUflNPgS9eWVZESDBpjXS4HBM55TqM\nV5484054h+rPaL6Ql9xfmCKsWx5sn1tSyP8RZhdaEG8XDqBPLavIKiMlaE2eoeg9\nS6wiixgCJbiFvtuH2/bCdPPexWXpYwj49PthIZel399Z1lcsjB9bexEdQ93+k2hd\niNSu6hL6RbMHis8oCm4U6b7GjVos7cvwbBHSul2hRcLpZ89OmaRkf+p5ynlgvLaC\n9zaiu2cKIMpyD/4/9pfLJLMQid+OITCsvQNsUHpGbqR3faW7spZYhPGaaF/kTPVq\nwdcPqUnhRf1LWW0vGpt4GfIw7Wuu701bcZxPbOsTuDQ9tSnp8Iy+hS/ubscwJBA0\nJlnfWB4GpAEkn/YhbWDtYj7Ou2A49Q5xWbUM8skpVviRCUanAb3LSoLZrGMCAwEA\nAQKCAgA9zju3mqdFI1JPkt+GqKCNefWEB+M7cjG4/1rWfpfFggplHU7Gw2vXkKD9\nTcq3o7P7kySWIaA+MayWOmMYjecEnt0hnjEJLyxmAWLRN4RPVd4QEHOW+6bhSJx1\n05TM4aex5yeM5SPRs8qjzeREBz2GQMu86xqdWLR0yxVF3HxDJ5EiHRAt56IHuTw4\n9s4y+l1I/nBQI1iOfD8GN9cwP45fb+cJBHNiEAJ9rsa9N+bhPY7MydKvYfdoEpqA\nCKJNsDBWfYq9YstKjWag6LXIaqq2KLb0W/Cg/ZPP/mncZcklbS+AESzDpxjQ8DQd\n3/YC+/3Sw7P3QPDZjRDLHvA1cL80B1ik2uTZ+PY9sQMoOWrTw1p2Dc7hgMxr9GgG\nkaHKB+XuCxMKiQnPcjd3CjU62ZrSLz7TdV3vcjTimIxXE2SUudxb8+2djWetbqL6\nx76955uxsvfjdPosMyTf5S2BZvdl829tmEJjrvaNnM8sj6jn05qlXX26eIuW8FRB\nokZFF2KV2gjmIjgJmGGCkIo0zd7RiOIb9XQ0rMLhBfiVkw1JjitMOjQwscSwks/T\n0a3QeYKslmgKWshi5xW5TPTT1hBN4SFOWOEcd42DgdKhzzwv+L+tkVfg4VX8QD+4\nctyYhFI/+yxmNVfASJn1pNkhBY+yoboQgFlGpmGUX2HAlVzVYQKCAQEAyR3hwpHW\ne0FDnF+tIMXMojTIP2UHtzYX66mJ50/Uw1K3yb1tLUMMjqaKc0jgChmcpTQnM26G\n06Qf/lu+gRrFqQOCTNKysFkzUoekUxCro5jdXQF0ddEaoO75C1qpfXJbaiCajS3f\ndJHTl9TTKbmj0jCTdcBzgxTgZEJzX1z5E2nfgrSGv6hNGOHjqFUtCcEid8uaeRZg\nNHFjCHBUtoJfzUXdr7EpumL+L93n2HDa3Du+STk/7yctPVep7fCmeBFaQd5dSOxI\nFvi3St77olzM6avMR4wKsyHQRG64EALULNEURmZ9GkxiLus/r8FhgagErKZtzxqu\nI11Ni9VOCWPNxQKCAQEA7I2xMVzmPEKwnG95Voca9naQyeiTc9gNHtzfW0ip8g80\na2XW6h83aFn+MmnhLtoaUppIAjUDr0S2k71DQq7RecuYOMsK0bpEX2FHF5h3pKhj\nuK+YRpcwsx8x2cAbUkO/puhAALDqY1sL0s/tydkCkMvMUp+Pm53VzAJtfoifnOYA\nkjaz/sxPMA/aSNCF35k9bEkQ38jrEUQioWKgYQVf9sXG09aAIO76aVwJg2hCD/9c\n92BvJMkJtnASjf9WpDejHGpnJ9YJs4Aari+9BbkbEMcHYx0QmLTSDcou6Blw0fkN\nuq5XzZI1e5nus2ihWRyTs/hiZE8LajoG3t+Tn3+cBwKCAQBIGORD4hAno1/fgRUJ\neJ9BTvaycz9u2H9+xgpf1+iIFPE56yRmY3Du+pkLdwaJ2GClgKrE70x6No4Zmz4R\n/kz5p/5gF/Bi87dIUMQB2yoMvdItc0YSrmGDa+fvwBKenA5VX1bIYbeHjHd0KKGC\nhcBKq4tRXSqLxUIj7wZ5G1VXNk8gBiOANY9d6iy4vcAljQ0UMPMxkWnvou5DqjFU\nNCyv4+ny/+nbnX1OH5jrqJls9iXjDhjzXPIE2ZZbbDfhNydKEbMTX1EAmyzqNEG1\nFNuIsUPMKlHzoZ2NyrtFUh5J6rIAAuG6OcPA2ii8kvCnkFoMoqUe54uhteMEy/Tr\nvNGZAoIBABJSVysPmvWH5M35BFjjVf9I56X70Y/jaAC/8rzLP/5zlwfKd37itBPt\nBHc7JCnQ0sEbGgCxwntMwydmPVNo3uikEEI117yuxKTuj+cP9BRYxoCDeTPeefMl\ns2K+Ml+Ix8tRqcNj8IOJhbzqReygVkaIwmaT3TecXfbTKU/nnRU1601n10Eg6fE7\nCRkirXvIDq3YauoqUaqgsF33mZxqIiim4ON/daUXXWXTrxjydktu5/BxE6qxt4Ld\n41IEON23QXbt9tdrCI1Smr5rDCTpVWNTRwsyMRrixnIy+rcXYVmiBKI05rARZvsP\nzSEwNW8Fe5sw3c4PIT81B1szzedIpvkCggEBAL86xYwV14+4fKkGyLw3dPYRXgEf\nyT+AsW2xEsRqs8ZNBKd4di6hKP1LgUDbfXqAK3XTn4+R0i8WQxiRj8wAf/IWiNgm\nUbhAJQIj4+nuEma/LK3mYk3/Jte0hbe5gZVwq1R70rbMUY7rgTwge+1HGuZj2D2r\nOdEhvg2cUmgzR4cR53N++CtSQJ/k3FEqdrrDiVQOz3laDqF2mh73L+owEBZHkpKt\n3GEU92T5HK2hYtuwxzQEQmodwlj7nt7IAm/2CqgxJ1I+Qy1ZsP6/zQDLeWcvBjEq\nGUZG/uPorATIDqUyOrXPJh+zmbgn7sMoV6E2UdmEUo/aAB4ewACjO6j+g3E=\n-----END RSA PRIVATE KEY-----\n",
            "public_key_fingerprint_md5": "d2:23:e5:fc:2a:6c:24:c1:e5:76:73:25:57:0a:bb:24",
            "public_key_openssh": "ssh-rsa AAAAB3NzaC1yc2EAAAADAQABAAACAQC51tzJJ2dnJ2khduYJlgBag90121iZONxg+0zJ8QomK4Db9kYMtfEASZQzehqntDcNqUZYfcvZT2I8f+XpviCib42/ZJ4hjAWy1L11VtbIupQPZHEHpiWkkZ1qUZcMtrdcriEHPkIiwu24OBikAVVt3nqYBGkmJAI5yAXWNR0TuuTpYYNAyOPx2Z2lvOayuQPAPk/x8tp7zfuc20b9Tq1ZMmSM4+j2OIZWvfMUg8h7VJ0J04y4+ORCFDtqQtWme7mbV3I+1O0hITrA5YjGdBR+U0+BL15ZVkRIMGmNdLgcEznlOoxXnjzjTniH6s9ovpCX3F+YIqxbHmyfW1LI/xFmF1oQbxcOoE8tq8gqIyVoTZ6h6D1LrCKLGAIluIW+24fb9sJ0897FZeljCPj0+2Ehl6Xf31nWVyyMH1t7ER1D3f6TaF2I1K7qEvpFsweKzygKbhTpvsaNWizty/BsEdK6XaFFwulnz06ZpGR/6nnKeWC8toL3NqK7ZwogynIP/j/2l8sksxCJ344hMKy9A2xQekZupHd9pbuylliE8ZpoX+RM9WrB1w+pSeFF/UtZbS8am3gZ8jDta67vTVtxnE9s6xO4ND21KenwjL6FL+5uxzAkEDQmWd9YHgakASSf9iFtYO1iPs67YDj1DnFZtQzyySlW+JEJRqcBvctKgtmsYw==\n",
            "public_key_pem": "-----BEGIN PUBLIC KEY-----\nMIICIjANBgkqhkiG9w0BAQEFAAOCAg8AMIICCgKCAgEAudbcySdnZydpIXbmCZYA\nWoPdNdtYmTjcYPtMyfEKJiuA2/ZGDLXxAEmUM3oap7Q3DalGWH3L2U9iPH/l6b4g\nom+Nv2SeIYwFstS9dVbWyLqUD2RxB6YlpJGdalGXDLa3XK4hBz5CIsLtuDgYpAFV\nbd56mARpJiQCOcgF1jUdE7rk6WGDQMjj8dmdpbzmsrkDwD5P8fLae837nNtG/U6t\nWTJkjOPo9jiGVr3zFIPIe1SdCdOMuPjkQhQ7akLVpnu5m1dyPtTtISE6wOWIxnQU\nflNPgS9eWVZESDBpjXS4HBM55TqMV5484054h+rPaL6Ql9xfmCKsWx5sn1tSyP8R\nZhdaEG8XDqBPLavIKiMlaE2eoeg9S6wiixgCJbiFvtuH2/bCdPPexWXpYwj49Pth\nIZel399Z1lcsjB9bexEdQ93+k2hdiNSu6hL6RbMHis8oCm4U6b7GjVos7cvwbBHS\nul2hRcLpZ89OmaRkf+p5ynlgvLaC9zaiu2cKIMpyD/4/9pfLJLMQid+OITCsvQNs\nUHpGbqR3faW7spZYhPGaaF/kTPVqwdcPqUnhRf1LWW0vGpt4GfIw7Wuu701bcZxP\nbOsTuDQ9tSnp8Iy+hS/ubscwJBA0JlnfWB4GpAEkn/YhbWDtYj7Ou2A49Q5xWbUM\n8skpVviRCUanAb3LSoLZrGMCAwEAAQ==\n-----END PUBLIC KEY-----\n",
            "rsa_bits": 4096
          },
          "sensitive_attributes": [],
          "private": "bnVsbA=="
        }
      ]
    }
  ]
}
